
Microsoft Visual Studio Solution File, Format Version 12.00
# Visual Studio Version 16
VisualStudioVersion = 16.0.28803.452
MinimumVisualStudioVersion = 10.0.40219.1
Project("{9A19103F-16F7-4668-BE54-9A1E7A4F7556}") = "ContosoPets.Ui", "ContosoPets.Ui\ContosoPets.Ui.csproj", "{A72153F3-9A73-4F08-91F7-361D03A0986C}"
EndProject
Project("{9A19103F-16F7-4668-BE54-9A1E7A4F7556}") = "ContosoPets.Api", "ContosoPets.Api\ContosoPets.Api.csproj", "{8CB55C20-D5BA-440D-B5C7-4EB3C21B52D4}"
EndProject
Global
	GlobalSection(SolutionConfigurationPlatforms) = preSolution
		Debug|Any CPU = Debug|Any CPU
		Release|Any CPU = Release|Any CPU
	EndGlobalSection
	GlobalSection(ProjectConfigurationPlatforms) = postSolution
		{A72153F3-9A73-4F08-91F7-361D03A0986C}.Debug|Any CPU.ActiveCfg = Debug|Any CPU
		{A72153F3-9A73-4F08-91F7-361D03A0986C}.Debug|Any CPU.Build.0 = Debug|Any CPU
		{A72153F3-9A73-4F08-91F7-361D03A0986C}.Release|Any CPU.ActiveCfg = Release|Any CPU
		{A72153F3-9A73-4F08-91F7-361D03A0986C}.Release|Any CPU.Build.0 = Release|Any CPU
		{8CB55C20-D5BA-440D-B5C7-4EB3C21B52D4}.Debug|Any CPU.ActiveCfg = Debug|Any CPU
		{8CB55C20-D5BA-440D-B5C7-4EB3C21B52D4}.Debug|Any CPU.Build.0 = Debug|Any CPU
		{8CB55C20-D5BA-440D-B5C7-4EB3C21B52D4}.Release|Any CPU.ActiveCfg = Release|Any CPU
		{8CB55C20-D5BA-440D-B5C7-4EB3C21B52D4}.Release|Any CPU.Build.0 = Release|Any CPU
	EndGlobalSection
	GlobalSection(SolutionProperties) = preSolution
		HideSolutionNode = FALSE
	EndGlobalSection
	GlobalSection(ExtensibilityGlobals) = postSolution
		SolutionGuid = {644DA3BF-AE47-42EB-B761-8F388AA975AD}
	EndGlobalSection
EndGlobal
